
Microsoft Visual Studio Solution File, Format Version 12.00
# Visual Studio Version 16
VisualStudioVersion = 16.0.30114.105
MinimumVisualStudioVersion = 10.0.40219.1
Project("{2150E333-8FDC-42A3-9474-1A3956D46DE8}") = "src", "src", "{33CBA769-B1C9-4AEF-9B78-CBF478A6AE24}"
EndProject
Project("{2150E333-8FDC-42A3-9474-1A3956D46DE8}") = "Domain", "Domain", "{5C4A3577-B0E3-4128-A9E4-784CA58FD351}"
EndProject
Project("{FAE04EC0-301F-11D3-BF4B-00C04F79EFBC}") = "Fw.Domain.Common", "src\Domain\Fw.Domain.Common\Fw.Domain.Common.csproj", "{765E84AC-73A3-43BA-AE24-8D5B0CD08905}"
EndProject
Project("{FAE04EC0-301F-11D3-BF4B-00C04F79EFBC}") = "Fw.Domain.Wms", "src\Domain\Fw.Domain.Wms\Fw.Domain.Wms.csproj", "{8F5F1875-F379-4FC1-913B-C17B1E2FEF0B}"
EndProject
Project("{FAE04EC0-301F-11D3-BF4B-00C04F79EFBC}") = "Fw.Domain.Tms", "src\Domain\Fw.Domain.Tms\Fw.Domain.Tms.csproj", "{CC340241-A30F-405A-AF5C-A8EF5F46421C}"
EndProject
Project("{FAE04EC0-301F-11D3-BF4B-00C04F79EFBC}") = "Fw.Domain.Ams", "src\Domain\Fw.Domain.Ams\Fw.Domain.Ams.csproj", "{67146BB2-879B-49B1-8ED8-EC90EA5FC80B}"
EndProject
Project("{2150E333-8FDC-42A3-9474-1A3956D46DE8}") = "Application", "Application", "{EBC35D56-4443-417E-AF1D-4A109DD151AE}"
EndProject
Project("{FAE04EC0-301F-11D3-BF4B-00C04F79EFBC}") = "Fw.Application.Wms", "src\Application\Fw.Application.Wms\Fw.Application.Wms.csproj", "{25F44971-F83C-40E1-9B14-8C7370F27ED0}"
EndProject
Project("{FAE04EC0-301F-11D3-BF4B-00C04F79EFBC}") = "Fw.Application.Tms", "src\Application\Fw.Application.Tms\Fw.Application.Tms.csproj", "{3F74D0CD-1154-403E-966B-72F5570741EE}"
EndProject
Project("{FAE04EC0-301F-11D3-BF4B-00C04F79EFBC}") = "Fw.Application.Ams", "src\Application\Fw.Application.Ams\Fw.Application.Ams.csproj", "{B70C4A48-3DFB-4705-B7B0-1006E755436D}"
EndProject
Project("{2150E333-8FDC-42A3-9474-1A3956D46DE8}") = "Infrastructure", "Infrastructure", "{426EDF9F-2B8E-4197-9758-D3F5B7A5438A}"
EndProject
Project("{2150E333-8FDC-42A3-9474-1A3956D46DE8}") = "Persistance", "Persistance", "{27581F79-25E9-49F0-966D-B0F5560AFA1A}"
EndProject
Project("{FAE04EC0-301F-11D3-BF4B-00C04F79EFBC}") = "Fw.Infrastructure.Persistance.Common", "src\Infrastructure\Persistance\Fw.Infrastructure.Persistance.Common\Fw.Infrastructure.Persistance.Common.csproj", "{90982340-A2CA-45B4-A777-5F9656E4850F}"
EndProject
Project("{FAE04EC0-301F-11D3-BF4B-00C04F79EFBC}") = "Fw.Infrastructure.Persistance.Wms", "src\Infrastructure\Persistance\Fw.Infrastructure.Persistance.Wms\Fw.Infrastructure.Persistance.Wms.csproj", "{67D52594-8A21-43C4-AA24-95346AE3BD05}"
EndProject
Project("{FAE04EC0-301F-11D3-BF4B-00C04F79EFBC}") = "Fw.Infrastructure.Persistance.Tms", "src\Infrastructure\Persistance\Fw.Infrastructure.Persistance.Tms\Fw.Infrastructure.Persistance.Tms.csproj", "{3E19EDC1-ADA1-448A-95DE-3C51DD8C292F}"
EndProject
Project("{FAE04EC0-301F-11D3-BF4B-00C04F79EFBC}") = "Fw.Infrastructure.Persistance.Ams", "src\Infrastructure\Persistance\Fw.Infrastructure.Persistance.Ams\Fw.Infrastructure.Persistance.Ams.csproj", "{D4B2D6AB-BD00-410D-973B-D9D5B1D6C5BE}"
EndProject
Project("{2150E333-8FDC-42A3-9474-1A3956D46DE8}") = "Presentation", "Presentation", "{194A7F69-AC69-47B3-8B27-49ECF75A83A0}"
EndProject
Project("{2150E333-8FDC-42A3-9474-1A3956D46DE8}") = "Api", "Api", "{5C279641-ED47-4675-8B01-8FBFF43F0576}"
EndProject
Project("{FAE04EC0-301F-11D3-BF4B-00C04F79EFBC}") = "Fw.Presentation.Api.Wms", "src\Presentation\Api\Fw.Presentation.Api.Wms\Fw.Presentation.Api.Wms.csproj", "{BC9858FA-5AAD-4348-B31E-81F1A5AB9FAE}"
EndProject
Project("{FAE04EC0-301F-11D3-BF4B-00C04F79EFBC}") = "Fw.Presentation.Api.Tms", "src\Presentation\Api\Fw.Presentation.Api.Tms\Fw.Presentation.Api.Tms.csproj", "{1AEC2971-A936-416C-9B49-D98C8A756710}"
EndProject
Project("{FAE04EC0-301F-11D3-BF4B-00C04F79EFBC}") = "Fw.Presentation.Api.Ams", "src\Presentation\Api\Fw.Presentation.Api.Ams\Fw.Presentation.Api.Ams.csproj", "{BB035476-2595-49E8-953B-71DCE3AA04D9}"
EndProject
Global
	GlobalSection(SolutionConfigurationPlatforms) = preSolution
		Debug|Any CPU = Debug|Any CPU
		Release|Any CPU = Release|Any CPU
	EndGlobalSection
	GlobalSection(SolutionProperties) = preSolution
		HideSolutionNode = FALSE
	EndGlobalSection
	GlobalSection(ProjectConfigurationPlatforms) = postSolution
		{765E84AC-73A3-43BA-AE24-8D5B0CD08905}.Debug|Any CPU.ActiveCfg = Debug|Any CPU
		{765E84AC-73A3-43BA-AE24-8D5B0CD08905}.Debug|Any CPU.Build.0 = Debug|Any CPU
		{765E84AC-73A3-43BA-AE24-8D5B0CD08905}.Release|Any CPU.ActiveCfg = Release|Any CPU
		{765E84AC-73A3-43BA-AE24-8D5B0CD08905}.Release|Any CPU.Build.0 = Release|Any CPU
		{8F5F1875-F379-4FC1-913B-C17B1E2FEF0B}.Debug|Any CPU.ActiveCfg = Debug|Any CPU
		{8F5F1875-F379-4FC1-913B-C17B1E2FEF0B}.Debug|Any CPU.Build.0 = Debug|Any CPU
		{8F5F1875-F379-4FC1-913B-C17B1E2FEF0B}.Release|Any CPU.ActiveCfg = Release|Any CPU
		{8F5F1875-F379-4FC1-913B-C17B1E2FEF0B}.Release|Any CPU.Build.0 = Release|Any CPU
		{CC340241-A30F-405A-AF5C-A8EF5F46421C}.Debug|Any CPU.ActiveCfg = Debug|Any CPU
		{CC340241-A30F-405A-AF5C-A8EF5F46421C}.Debug|Any CPU.Build.0 = Debug|Any CPU
		{CC340241-A30F-405A-AF5C-A8EF5F46421C}.Release|Any CPU.ActiveCfg = Release|Any CPU
		{CC340241-A30F-405A-AF5C-A8EF5F46421C}.Release|Any CPU.Build.0 = Release|Any CPU
		{67146BB2-879B-49B1-8ED8-EC90EA5FC80B}.Debug|Any CPU.ActiveCfg = Debug|Any CPU
		{67146BB2-879B-49B1-8ED8-EC90EA5FC80B}.Debug|Any CPU.Build.0 = Debug|Any CPU
		{67146BB2-879B-49B1-8ED8-EC90EA5FC80B}.Release|Any CPU.ActiveCfg = Release|Any CPU
		{67146BB2-879B-49B1-8ED8-EC90EA5FC80B}.Release|Any CPU.Build.0 = Release|Any CPU
		{25F44971-F83C-40E1-9B14-8C7370F27ED0}.Debug|Any CPU.ActiveCfg = Debug|Any CPU
		{25F44971-F83C-40E1-9B14-8C7370F27ED0}.Debug|Any CPU.Build.0 = Debug|Any CPU
		{25F44971-F83C-40E1-9B14-8C7370F27ED0}.Release|Any CPU.ActiveCfg = Release|Any CPU
		{25F44971-F83C-40E1-9B14-8C7370F27ED0}.Release|Any CPU.Build.0 = Release|Any CPU
		{3F74D0CD-1154-403E-966B-72F5570741EE}.Debug|Any CPU.ActiveCfg = Debug|Any CPU
		{3F74D0CD-1154-403E-966B-72F5570741EE}.Debug|Any CPU.Build.0 = Debug|Any CPU
		{3F74D0CD-1154-403E-966B-72F5570741EE}.Release|Any CPU.ActiveCfg = Release|Any CPU
		{3F74D0CD-1154-403E-966B-72F5570741EE}.Release|Any CPU.Build.0 = Release|Any CPU
		{B70C4A48-3DFB-4705-B7B0-1006E755436D}.Debug|Any CPU.ActiveCfg = Debug|Any CPU
		{B70C4A48-3DFB-4705-B7B0-1006E755436D}.Debug|Any CPU.Build.0 = Debug|Any CPU
		{B70C4A48-3DFB-4705-B7B0-1006E755436D}.Release|Any CPU.ActiveCfg = Release|Any CPU
		{B70C4A48-3DFB-4705-B7B0-1006E755436D}.Release|Any CPU.Build.0 = Release|Any CPU
		{90982340-A2CA-45B4-A777-5F9656E4850F}.Debug|Any CPU.ActiveCfg = Debug|Any CPU
		{90982340-A2CA-45B4-A777-5F9656E4850F}.Debug|Any CPU.Build.0 = Debug|Any CPU
		{90982340-A2CA-45B4-A777-5F9656E4850F}.Release|Any CPU.ActiveCfg = Release|Any CPU
		{90982340-A2CA-45B4-A777-5F9656E4850F}.Release|Any CPU.Build.0 = Release|Any CPU
		{67D52594-8A21-43C4-AA24-95346AE3BD05}.Debug|Any CPU.ActiveCfg = Debug|Any CPU
		{67D52594-8A21-43C4-AA24-95346AE3BD05}.Debug|Any CPU.Build.0 = Debug|Any CPU
		{67D52594-8A21-43C4-AA24-95346AE3BD05}.Release|Any CPU.ActiveCfg = Release|Any CPU
		{67D52594-8A21-43C4-AA24-95346AE3BD05}.Release|Any CPU.Build.0 = Release|Any CPU
		{3E19EDC1-ADA1-448A-95DE-3C51DD8C292F}.Debug|Any CPU.ActiveCfg = Debug|Any CPU
		{3E19EDC1-ADA1-448A-95DE-3C51DD8C292F}.Debug|Any CPU.Build.0 = Debug|Any CPU
		{3E19EDC1-ADA1-448A-95DE-3C51DD8C292F}.Release|Any CPU.ActiveCfg = Release|Any CPU
		{3E19EDC1-ADA1-448A-95DE-3C51DD8C292F}.Release|Any CPU.Build.0 = Release|Any CPU
		{D4B2D6AB-BD00-410D-973B-D9D5B1D6C5BE}.Debug|Any CPU.ActiveCfg = Debug|Any CPU
		{D4B2D6AB-BD00-410D-973B-D9D5B1D6C5BE}.Debug|Any CPU.Build.0 = Debug|Any CPU
		{D4B2D6AB-BD00-410D-973B-D9D5B1D6C5BE}.Release|Any CPU.ActiveCfg = Release|Any CPU
		{D4B2D6AB-BD00-410D-973B-D9D5B1D6C5BE}.Release|Any CPU.Build.0 = Release|Any CPU
		{BC9858FA-5AAD-4348-B31E-81F1A5AB9FAE}.Debug|Any CPU.ActiveCfg = Debug|Any CPU
		{BC9858FA-5AAD-4348-B31E-81F1A5AB9FAE}.Debug|Any CPU.Build.0 = Debug|Any CPU
		{BC9858FA-5AAD-4348-B31E-81F1A5AB9FAE}.Release|Any CPU.ActiveCfg = Release|Any CPU
		{BC9858FA-5AAD-4348-B31E-81F1A5AB9FAE}.Release|Any CPU.Build.0 = Release|Any CPU
		{1AEC2971-A936-416C-9B49-D98C8A756710}.Debug|Any CPU.ActiveCfg = Debug|Any CPU
		{1AEC2971-A936-416C-9B49-D98C8A756710}.Debug|Any CPU.Build.0 = Debug|Any CPU
		{1AEC2971-A936-416C-9B49-D98C8A756710}.Release|Any CPU.ActiveCfg = Release|Any CPU
		{1AEC2971-A936-416C-9B49-D98C8A756710}.Release|Any CPU.Build.0 = Release|Any CPU
		{BB035476-2595-49E8-953B-71DCE3AA04D9}.Debug|Any CPU.ActiveCfg = Debug|Any CPU
		{BB035476-2595-49E8-953B-71DCE3AA04D9}.Debug|Any CPU.Build.0 = Debug|Any CPU
		{BB035476-2595-49E8-953B-71DCE3AA04D9}.Release|Any CPU.ActiveCfg = Release|Any CPU
		{BB035476-2595-49E8-953B-71DCE3AA04D9}.Release|Any CPU.Build.0 = Release|Any CPU
	EndGlobalSection
	GlobalSection(NestedProjects) = preSolution
		{5C4A3577-B0E3-4128-A9E4-784CA58FD351} = {33CBA769-B1C9-4AEF-9B78-CBF478A6AE24}
		{765E84AC-73A3-43BA-AE24-8D5B0CD08905} = {5C4A3577-B0E3-4128-A9E4-784CA58FD351}
		{8F5F1875-F379-4FC1-913B-C17B1E2FEF0B} = {5C4A3577-B0E3-4128-A9E4-784CA58FD351}
		{CC340241-A30F-405A-AF5C-A8EF5F46421C} = {5C4A3577-B0E3-4128-A9E4-784CA58FD351}
		{67146BB2-879B-49B1-8ED8-EC90EA5FC80B} = {5C4A3577-B0E3-4128-A9E4-784CA58FD351}
		{EBC35D56-4443-417E-AF1D-4A109DD151AE} = {33CBA769-B1C9-4AEF-9B78-CBF478A6AE24}
		{25F44971-F83C-40E1-9B14-8C7370F27ED0} = {EBC35D56-4443-417E-AF1D-4A109DD151AE}
		{3F74D0CD-1154-403E-966B-72F5570741EE} = {EBC35D56-4443-417E-AF1D-4A109DD151AE}
		{B70C4A48-3DFB-4705-B7B0-1006E755436D} = {EBC35D56-4443-417E-AF1D-4A109DD151AE}
		{426EDF9F-2B8E-4197-9758-D3F5B7A5438A} = {33CBA769-B1C9-4AEF-9B78-CBF478A6AE24}
		{27581F79-25E9-49F0-966D-B0F5560AFA1A} = {426EDF9F-2B8E-4197-9758-D3F5B7A5438A}
		{90982340-A2CA-45B4-A777-5F9656E4850F} = {27581F79-25E9-49F0-966D-B0F5560AFA1A}
		{67D52594-8A21-43C4-AA24-95346AE3BD05} = {27581F79-25E9-49F0-966D-B0F5560AFA1A}
		{3E19EDC1-ADA1-448A-95DE-3C51DD8C292F} = {27581F79-25E9-49F0-966D-B0F5560AFA1A}
		{D4B2D6AB-BD00-410D-973B-D9D5B1D6C5BE} = {27581F79-25E9-49F0-966D-B0F5560AFA1A}
		{194A7F69-AC69-47B3-8B27-49ECF75A83A0} = {33CBA769-B1C9-4AEF-9B78-CBF478A6AE24}
		{5C279641-ED47-4675-8B01-8FBFF43F0576} = {194A7F69-AC69-47B3-8B27-49ECF75A83A0}
		{BC9858FA-5AAD-4348-B31E-81F1A5AB9FAE} = {5C279641-ED47-4675-8B01-8FBFF43F0576}
		{1AEC2971-A936-416C-9B49-D98C8A756710} = {5C279641-ED47-4675-8B01-8FBFF43F0576}
		{BB035476-2595-49E8-953B-71DCE3AA04D9} = {5C279641-ED47-4675-8B01-8FBFF43F0576}
	EndGlobalSection
EndGlobal
